
Microsoft Visual Studio Solution File, Format Version 12.00
# Visual Studio Version 17
VisualStudioVersion = 17.9.34723.18
MinimumVisualStudioVersion = 10.0.40219.1
Project("{FAE04EC0-301F-11D3-BF4B-00C04F79EFBC}") = "TallerMVC2_MJ", "TallerMVC2_MJ.csproj", "{34940A58-A0B3-407D-975E-E6B8E5509202}"
EndProject
Global
	GlobalSection(SolutionConfigurationPlatforms) = preSolution
		Debug|Any CPU = Debug|Any CPU
		Release|Any CPU = Release|Any CPU
	EndGlobalSection
	GlobalSection(ProjectConfigurationPlatforms) = postSolution
		{34940A58-A0B3-407D-975E-E6B8E5509202}.Debug|Any CPU.ActiveCfg = Debug|Any CPU
		{34940A58-A0B3-407D-975E-E6B8E5509202}.Debug|Any CPU.Build.0 = Debug|Any CPU
		{34940A58-A0B3-407D-975E-E6B8E5509202}.Release|Any CPU.ActiveCfg = Release|Any CPU
		{34940A58-A0B3-407D-975E-E6B8E5509202}.Release|Any CPU.Build.0 = Release|Any CPU
	EndGlobalSection
	GlobalSection(SolutionProperties) = preSolution
		HideSolutionNode = FALSE
	EndGlobalSection
	GlobalSection(ExtensibilityGlobals) = postSolution
		SolutionGuid = {8D805835-C357-4DE3-BD36-A0C23F27A448}
	EndGlobalSection
EndGlobal
